
Microsoft Visual Studio Solution File, Format Version 12.00
# Visual Studio Version 16
VisualStudioVersion = 16.0.32413.511
MinimumVisualStudioVersion = 10.0.40219.1
Project("{8BC9CEB8-8B4A-11D0-8D11-00A0C91BC942}") = "Gulliable_Adventures", "Gulliable_Adventures\Gulliable_Adventures.vcxproj", "{AEFEF80A-11D3-46F1-B92F-B2F2E253AB9E}"
EndProject
Global
	GlobalSection(SolutionConfigurationPlatforms) = preSolution
		Debug|x64 = Debug|x64
		Debug|x86 = Debug|x86
		Release|x64 = Release|x64
		Release|x86 = Release|x86
	EndGlobalSection
	GlobalSection(ProjectConfigurationPlatforms) = postSolution
		{AEFEF80A-11D3-46F1-B92F-B2F2E253AB9E}.Debug|x64.ActiveCfg = Debug|x64
		{AEFEF80A-11D3-46F1-B92F-B2F2E253AB9E}.Debug|x64.Build.0 = Debug|x64
		{AEFEF80A-11D3-46F1-B92F-B2F2E253AB9E}.Debug|x86.ActiveCfg = Debug|Win32
		{AEFEF80A-11D3-46F1-B92F-B2F2E253AB9E}.Debug|x86.Build.0 = Debug|Win32
		{AEFEF80A-11D3-46F1-B92F-B2F2E253AB9E}.Release|x64.ActiveCfg = Release|x64
		{AEFEF80A-11D3-46F1-B92F-B2F2E253AB9E}.Release|x64.Build.0 = Release|x64
		{AEFEF80A-11D3-46F1-B92F-B2F2E253AB9E}.Release|x86.ActiveCfg = Release|Win32
		{AEFEF80A-11D3-46F1-B92F-B2F2E253AB9E}.Release|x86.Build.0 = Release|Win32
	EndGlobalSection
	GlobalSection(SolutionProperties) = preSolution
		HideSolutionNode = FALSE
	EndGlobalSection
	GlobalSection(ExtensibilityGlobals) = postSolution
		SolutionGuid = {78C60F61-04F6-43A6-B6A4-6388033BD0FC}
	EndGlobalSection
EndGlobal
